
Microsoft Visual Studio Solution File, Format Version 12.00
# Visual Studio Version 17
VisualStudioVersion = 17.6.33815.320
MinimumVisualStudioVersion = 10.0.40219.1
Project("{9A19103F-16F7-4668-BE54-9A1E7A4F7556}") = "SpecFlowDemo.Specs", "SpecFlowDemo.Specs\SpecFlowDemo.Specs.csproj", "{C3C8F126-C505-41D9-AA34-300563982553}"
EndProject
Project("{9A19103F-16F7-4668-BE54-9A1E7A4F7556}") = "SpecFlowDemo.Calculator", "SpecFlowDemo.Calculator\SpecFlowDemo.Calculator.csproj", "{AB30D072-8179-4BC3-B99E-2191CF9C198C}"
EndProject
Project("{FAE04EC0-301F-11D3-BF4B-00C04F79EFBC}") = "SpecFlowDemo.Website", "SpecFlowDemo.Website\SpecFlowDemo.Website.csproj", "{F22AAB38-3151-4BAD-89B3-F1C99DAFDB69}"
EndProject
Global
	GlobalSection(SolutionConfigurationPlatforms) = preSolution
		Debug|Any CPU = Debug|Any CPU
		Release|Any CPU = Release|Any CPU
	EndGlobalSection
	GlobalSection(ProjectConfigurationPlatforms) = postSolution
		{C3C8F126-C505-41D9-AA34-300563982553}.Debug|Any CPU.ActiveCfg = Debug|Any CPU
		{C3C8F126-C505-41D9-AA34-300563982553}.Debug|Any CPU.Build.0 = Debug|Any CPU
		{C3C8F126-C505-41D9-AA34-300563982553}.Release|Any CPU.ActiveCfg = Release|Any CPU
		{C3C8F126-C505-41D9-AA34-300563982553}.Release|Any CPU.Build.0 = Release|Any CPU
		{AB30D072-8179-4BC3-B99E-2191CF9C198C}.Debug|Any CPU.ActiveCfg = Debug|Any CPU
		{AB30D072-8179-4BC3-B99E-2191CF9C198C}.Debug|Any CPU.Build.0 = Debug|Any CPU
		{AB30D072-8179-4BC3-B99E-2191CF9C198C}.Release|Any CPU.ActiveCfg = Release|Any CPU
		{AB30D072-8179-4BC3-B99E-2191CF9C198C}.Release|Any CPU.Build.0 = Release|Any CPU
		{F22AAB38-3151-4BAD-89B3-F1C99DAFDB69}.Debug|Any CPU.ActiveCfg = Debug|Any CPU
		{F22AAB38-3151-4BAD-89B3-F1C99DAFDB69}.Debug|Any CPU.Build.0 = Debug|Any CPU
		{F22AAB38-3151-4BAD-89B3-F1C99DAFDB69}.Release|Any CPU.ActiveCfg = Release|Any CPU
		{F22AAB38-3151-4BAD-89B3-F1C99DAFDB69}.Release|Any CPU.Build.0 = Release|Any CPU
	EndGlobalSection
	GlobalSection(SolutionProperties) = preSolution
		HideSolutionNode = FALSE
	EndGlobalSection
	GlobalSection(ExtensibilityGlobals) = postSolution
		SolutionGuid = {A6B5B1B4-E6AA-48B7-89FC-9F0589690AFB}
	EndGlobalSection
EndGlobal
